preprocess:
  cmd: python -m spacy run preprocess
  script:
    - python scripts/preprocess.py data/raw/pubtator/from1to10000.jsonl
  deps:
    - path: data/raw/pubtator/from1to10000.jsonl
      md5: 29ed82cd160d606a4fe4d6e3c527a4f0
    - path: scripts/preprocess.py
      md5: bfd2f32efe0046046ef2e5bf634ad738
  outs:
    - path: corpus/train.spacy
      md5: 6b6f4eb95469a1c6b23db51e775df58b
    - path: corpus/eval.spacy
      md5: 4ae4695c61b9249c2073b3897b5d7e45
  spacy_version: 3.1.2
  spacy_git_version: e1f88de72
train:
  cmd: python -m spacy run train
  script:
    - python -m spacy train configs/config.cfg --output training/ --paths.train corpus/train.spacy
      --paths.dev corpus/eval.spacy --paths.vectors en_core_web_md
  deps:
    - path: corpus/train.spacy
      md5: 6b6f4eb95469a1c6b23db51e775df58b
    - path: corpus/eval.spacy
      md5: 4ae4695c61b9249c2073b3897b5d7e45
  outs:
    - path: training/model-best
      md5: ff95165b7bb4e6154c78e226082fe016
  spacy_version: 3.1.2
  spacy_git_version: e1f88de72
evaluate:
  cmd: python -m spacy run evaluate
  script:
    - python -m spacy evaluate training/model-best corpus/eval.spacy --output training/metrics.json
  deps:
    - path: corpus/eval.spacy
      md5: 4ae4695c61b9249c2073b3897b5d7e45
    - path: training/model-best
      md5: ff95165b7bb4e6154c78e226082fe016
  outs:
    - path: training/metrics.json
      md5: d93abfec2c75b0426d8dbe643ad66665
  spacy_version: 3.1.2
  spacy_git_version: e1f88de72
download_data:
  cmd: python -m spacy run download_data
  script:
    - python scripts/download_data.py --last-id 10000
  deps:
    - path: scripts/download_data.py
      md5: 24d9e7a195897becefbe94d471da62f0
  outs:
    - path: data/raw/pubtator/from1to10000.jsonl
      md5: 29ed82cd160d606a4fe4d6e3c527a4f0
  spacy_version: 3.1.2
  spacy_git_version: e1f88de72
